// !$*UTF8*$!
{
	archiveVersion = 1;
	classes = {
	};
	objectVersion = 55;
	objects = {

/* Begin PBXBuildFile section */
		630A489028E9BB2800A35B55 /* Queue_Array.swift in Sources */ = {isa = PBXBuildFile; fileRef = 630A488F28E9BB2800A35B55 /* Queue_Array.swift */; };
		630A489328E9C1DB00A35B55 /* Queue_Node.swift in Sources */ = {isa = PBXBuildFile; fileRef = 630A489228E9C1DB00A35B55 /* Queue_Node.swift */; };
		630A489528E9C88000A35B55 /* Queue_LinkedList.swift in Sources */ = {isa = PBXBuildFile; fileRef = 630A489428E9C88000A35B55 /* Queue_LinkedList.swift */; };
		630A489828E9C95A00A35B55 /* Stack_Array.swift in Sources */ = {isa = PBXBuildFile; fileRef = 630A489728E9C95A00A35B55 /* Stack_Array.swift */; };
		630A489A28E9C96700A35B55 /* Stack_Node.swift in Sources */ = {isa = PBXBuildFile; fileRef = 630A489928E9C96700A35B55 /* Stack_Node.swift */; };
		63829D672806698F00356BD5 /* main.swift in Sources */ = {isa = PBXBuildFile; fileRef = 63829D662806698F00356BD5 /* main.swift */; };
/* End PBXBuildFile section */

/* Begin PBXCopyFilesBuildPhase section */
		63829D612806698F00356BD5 /* CopyFiles */ = {
			isa = PBXCopyFilesBuildPhase;
			buildActionMask = 2147483647;
			dstPath = /usr/share/man/man1/;
			dstSubfolderSpec = 0;
			files = (
			);
			runOnlyForDeploymentPostprocessing = 1;
		};
/* End PBXCopyFilesBuildPhase section */

/* Begin PBXFileReference section */
		630A488F28E9BB2800A35B55 /* Queue_Array.swift */ = {isa = PBXFileReference; lastKnownFileType = sourcecode.swift; path = Queue_Array.swift; sourceTree = "<group>"; };
		630A489228E9C1DB00A35B55 /* Queue_Node.swift */ = {isa = PBXFileReference; lastKnownFileType = sourcecode.swift; path = Queue_Node.swift; sourceTree = "<group>"; };
		630A489428E9C88000A35B55 /* Queue_LinkedList.swift */ = {isa = PBXFileReference; lastKnownFileType = sourcecode.swift; path = Queue_LinkedList.swift; sourceTree = "<group>"; };
		630A489728E9C95A00A35B55 /* Stack_Array.swift */ = {isa = PBXFileReference; lastKnownFileType = sourcecode.swift; path = Stack_Array.swift; sourceTree = "<group>"; };
		630A489928E9C96700A35B55 /* Stack_Node.swift */ = {isa = PBXFileReference; lastKnownFileType = sourcecode.swift; path = Stack_Node.swift; sourceTree = "<group>"; };
		63829D632806698F00356BD5 /* DataStructurePractice */ = {isa = PBXFileReference; explicitFileType = "compiled.mach-o.executable"; includeInIndex = 0; path = DataStructurePractice; sourceTree = BUILT_PRODUCTS_DIR; };
		63829D662806698F00356BD5 /* main.swift */ = {isa = PBXFileReference; lastKnownFileType = sourcecode.swift; path = main.swift; sourceTree = "<group>"; };
		63829D6E280669D300356BD5 /* Array2D.swift */ = {isa = PBXFileReference; lastKnownFileType = sourcecode.swift; path = Array2D.swift; sourceTree = "<group>"; };
/* End PBXFileReference section */

/* Begin PBXFrameworksBuildPhase section */
		63829D602806698F00356BD5 /* Frameworks */ = {
			isa = PBXFrameworksBuildPhase;
			buildActionMask = 2147483647;
			files = (
			);
			runOnlyForDeploymentPostprocessing = 0;
		};
/* End PBXFrameworksBuildPhase section */

/* Begin PBXGroup section */
		630A489128E9C1A600A35B55 /* Queue */ = {
			isa = PBXGroup;
			children = (
				630A488F28E9BB2800A35B55 /* Queue_Array.swift */,
				630A489228E9C1DB00A35B55 /* Queue_Node.swift */,
				630A489428E9C88000A35B55 /* Queue_LinkedList.swift */,
			);
			path = Queue;
			sourceTree = "<group>";
		};
		630A489628E9C94A00A35B55 /* Stack */ = {
			isa = PBXGroup;
			children = (
				630A489728E9C95A00A35B55 /* Stack_Array.swift */,
				630A489928E9C96700A35B55 /* Stack_Node.swift */,
			);
			path = Stack;
			sourceTree = "<group>";
		};
		63829D5A2806698F00356BD5 = {
			isa = PBXGroup;
			children = (
				63829D652806698F00356BD5 /* DataStructurePractice */,
				63829D642806698F00356BD5 /* Products */,
			);
			sourceTree = "<group>";
		};
		63829D642806698F00356BD5 /* Products */ = {
			isa = PBXGroup;
			children = (
				63829D632806698F00356BD5 /* DataStructurePractice */,
			);
			name = Products;
			sourceTree = "<group>";
		};
		63829D652806698F00356BD5 /* DataStructurePractice */ = {
			isa = PBXGroup;
			children = (
				630A489628E9C94A00A35B55 /* Stack */,
				630A489128E9C1A600A35B55 /* Queue */,
				63829D662806698F00356BD5 /* main.swift */,
				63829D6D2806699700356BD5 /* variationOfArray */,
			);
			path = DataStructurePractice;
			sourceTree = "<group>";
		};
		63829D6D2806699700356BD5 /* variationOfArray */ = {
			isa = PBXGroup;
			children = (
				63829D6E280669D300356BD5 /* Array2D.swift */,
			);
			path = variationOfArray;
			sourceTree = "<group>";
		};
/* End PBXGroup section */

/* Begin PBXNativeTarget section */
		63829D622806698F00356BD5 /* DataStructurePractice */ = {
			isa = PBXNativeTarget;
			buildConfigurationList = 63829D6A2806698F00356BD5 /* Build configuration list for PBXNativeTarget "DataStructurePractice" */;
			buildPhases = (
				63829D5F2806698F00356BD5 /* Sources */,
				63829D602806698F00356BD5 /* Frameworks */,
				63829D612806698F00356BD5 /* CopyFiles */,
			);
			buildRules = (
			);
			dependencies = (
			);
			name = DataStructurePractice;
			productName = DataStructurePractice;
			productReference = 63829D632806698F00356BD5 /* DataStructurePractice */;
			productType = "com.apple.product-type.tool";
		};
/* End PBXNativeTarget section */

/* Begin PBXProject section */
		63829D5B2806698F00356BD5 /* Project object */ = {
			isa = PBXProject;
			attributes = {
				BuildIndependentTargetsInParallel = 1;
				LastSwiftUpdateCheck = 1330;
				LastUpgradeCheck = 1330;
				TargetAttributes = {
					63829D622806698F00356BD5 = {
						CreatedOnToolsVersion = 13.3;
					};
				};
			};
			buildConfigurationList = 63829D5E2806698F00356BD5 /* Build configuration list for PBXProject "DataStructurePractice" */;
			compatibilityVersion = "Xcode 13.0";
			developmentRegion = en;
			hasScannedForEncodings = 0;
			knownRegions = (
				en,
				Base,
			);
			mainGroup = 63829D5A2806698F00356BD5;
			productRefGroup = 63829D642806698F00356BD5 /* Products */;
			projectDirPath = "";
			projectRoot = "";
			targets = (
				63829D622806698F00356BD5 /* DataStructurePractice */,
			);
		};
/* End PBXProject section */

/* Begin PBXSourcesBuildPhase section */
		63829D5F2806698F00356BD5 /* Sources */ = {
			isa = PBXSourcesBuildPhase;
			buildActionMask = 2147483647;
			files = (
				630A489A28E9C96700A35B55 /* Stack_Node.swift in Sources */,
				630A489528E9C88000A35B55 /* Queue_LinkedList.swift in Sources */,
				63829D672806698F00356BD5 /* main.swift in Sources */,
				630A489828E9C95A00A35B55 /* Stack_Array.swift in Sources */,
				630A489028E9BB2800A35B55 /* Queue_Array.swift in Sources */,
				630A489328E9C1DB00A35B55 /* Queue_Node.swift in Sources */,
			);
			runOnlyForDeploymentPostprocessing = 0;
		};
/* End PBXSourcesBuildPhase section */

/* Begin XCBuildConfiguration section */
		63829D682806698F00356BD5 /* Debug */ = {
			isa = XCBuildConfiguration;
			buildSettings = {
				ALWAYS_SEARCH_USER_PATHS = NO;
				CLANG_ANALYZER_NONNULL = YES;
				CLANG_ANALYZER_NUMBER_OBJECT_CONVERSION = YES_AGGRESSIVE;
				CLANG_CXX_LANGUAGE_STANDARD = "gnu++17";
				CLANG_ENABLE_MODULES = YES;
				CLANG_ENABLE_OBJC_ARC = YES;
				CLANG_ENABLE_OBJC_WEAK = YES;
				CLANG_WARN_BLOCK_CAPTURE_AUTORELEASING = YES;
				CLANG_WARN_BOOL_CONVERSION = YES;
				CLANG_WARN_COMMA = YES;
				CLANG_WARN_CONSTANT_CONVERSION = YES;
				CLANG_WARN_DEPRECATED_OBJC_IMPLEMENTATIONS = YES;
				CLANG_WARN_DIRECT_OBJC_ISA_USAGE = YES_ERROR;
				CLANG_WARN_DOCUMENTATION_COMMENTS = YES;
				CLANG_WARN_EMPTY_BODY = YES;
				CLANG_WARN_ENUM_CONVERSION = YES;
				CLANG_WARN_INFINITE_RECURSION = YES;
				CLANG_WARN_INT_CONVERSION = YES;
				CLANG_WARN_NON_LITERAL_NULL_CONVERSION = YES;
				CLANG_WARN_OBJC_IMPLICIT_RETAIN_SELF = YES;
				CLANG_WARN_OBJC_LITERAL_CONVERSION = YES;
				CLANG_WARN_OBJC_ROOT_CLASS = YES_ERROR;
				CLANG_WARN_QUOTED_INCLUDE_IN_FRAMEWORK_HEADER = YES;
				CLANG_WARN_RANGE_LOOP_ANALYSIS = YES;
				CLANG_WARN_STRICT_PROTOTYPES = YES;
				CLANG_WARN_SUSPICIOUS_MOVE = YES;
				CLANG_WARN_UNGUARDED_AVAILABILITY = YES_AGGRESSIVE;
				CLANG_WARN_UNREACHABLE_CODE = YES;
				CLANG_WARN__DUPLICATE_METHOD_MATCH = YES;
				COPY_PHASE_STRIP = NO;
				DEBUG_INFORMATION_FORMAT = dwarf;
				ENABLE_STRICT_OBJC_MSGSEND = YES;
				ENABLE_TESTABILITY = YES;
				GCC_C_LANGUAGE_STANDARD = gnu11;
				GCC_DYNAMIC_NO_PIC = NO;
				GCC_NO_COMMON_BLOCKS = YES;
				GCC_OPTIMIZATION_LEVEL = 0;
				GCC_PREPROCESSOR_DEFINITIONS = (
					"DEBUG=1",
					"$(inherited)",
				);
				GCC_WARN_64_TO_32_BIT_CONVERSION = YES;
				GCC_WARN_ABOUT_RETURN_TYPE = YES_ERROR;
				GCC_WARN_UNDECLARED_SELECTOR = YES;
				GCC_WARN_UNINITIALIZED_AUTOS = YES_AGGRESSIVE;
				GCC_WARN_UNUSED_FUNCTION = YES;
				GCC_WARN_UNUSED_VARIABLE = YES;
				MACOSX_DEPLOYMENT_TARGET = 12.3;
				MTL_ENABLE_DEBUG_INFO = INCLUDE_SOURCE;
				MTL_FAST_MATH = YES;
				ONLY_ACTIVE_ARCH = YES;
				SDKROOT = macosx;
				SWIFT_ACTIVE_COMPILATION_CONDITIONS = DEBUG;
				SWIFT_OPTIMIZATION_LEVEL = "-Onone";
			};
			name = Debug;
		};
		63829D692806698F00356BD5 /* Release */ = {
			isa = XCBuildConfiguration;
			buildSettings = {
				ALWAYS_SEARCH_USER_PATHS = NO;
				CLANG_ANALYZER_NONNULL = YES;
				CLANG_ANALYZER_NUMBER_OBJECT_CONVERSION = YES_AGGRESSIVE;
				CLANG_CXX_LANGUAGE_STANDARD = "gnu++17";
				CLANG_ENABLE_MODULES = YES;
				CLANG_ENABLE_OBJC_ARC = YES;
				CLANG_ENABLE_OBJC_WEAK = YES;
				CLANG_WARN_BLOCK_CAPTURE_AUTORELEASING = YES;
				CLANG_WARN_BOOL_CONVERSION = YES;
				CLANG_WARN_COMMA = YES;
				CLANG_WARN_CONSTANT_CONVERSION = YES;
				CLANG_WARN_DEPRECATED_OBJC_IMPLEMENTATIONS = YES;
				CLANG_WARN_DIRECT_OBJC_ISA_USAGE = YES_ERROR;
				CLANG_WARN_DOCUMENTATION_COMMENTS = YES;
				CLANG_WARN_EMPTY_BODY = YES;
				CLANG_WARN_ENUM_CONVERSION = YES;
				CLANG_WARN_INFINITE_RECURSION = YES;
				CLANG_WARN_INT_CONVERSION = YES;
				CLANG_WARN_NON_LITERAL_NULL_CONVERSION = YES;
				CLANG_WARN_OBJC_IMPLICIT_RETAIN_SELF = YES;
				CLANG_WARN_OBJC_LITERAL_CONVERSION = YES;
				CLANG_WARN_OBJC_ROOT_CLASS = YES_ERROR;
				CLANG_WARN_QUOTED_INCLUDE_IN_FRAMEWORK_HEADER = YES;
				CLANG_WARN_RANGE_LOOP_ANALYSIS = YES;
				CLANG_WARN_STRICT_PROTOTYPES = YES;
				CLANG_WARN_SUSPICIOUS_MOVE = YES;
				CLANG_WARN_UNGUARDED_AVAILABILITY = YES_AGGRESSIVE;
				CLANG_WARN_UNREACHABLE_CODE = YES;
				CLANG_WARN__DUPLICATE_METHOD_MATCH = YES;
				COPY_PHASE_STRIP = NO;
				DEBUG_INFORMATION_FORMAT = "dwarf-with-dsym";
				ENABLE_NS_ASSERTIONS = NO;
				ENABLE_STRICT_OBJC_MSGSEND = YES;
				GCC_C_LANGUAGE_STANDARD = gnu11;
				GCC_NO_COMMON_BLOCKS = YES;
				GCC_WARN_64_TO_32_BIT_CONVERSION = YES;
				GCC_WARN_ABOUT_RETURN_TYPE = YES_ERROR;
				GCC_WARN_UNDECLARED_SELECTOR = YES;
				GCC_WARN_UNINITIALIZED_AUTOS = YES_AGGRESSIVE;
				GCC_WARN_UNUSED_FUNCTION = YES;
				GCC_WARN_UNUSED_VARIABLE = YES;
				MACOSX_DEPLOYMENT_TARGET = 12.3;
				MTL_ENABLE_DEBUG_INFO = NO;
				MTL_FAST_MATH = YES;
				SDKROOT = macosx;
				SWIFT_COMPILATION_MODE = wholemodule;
				SWIFT_OPTIMIZATION_LEVEL = "-O";
			};
			name = Release;
		};
		63829D6B2806698F00356BD5 /* Debug */ = {
			isa = XCBuildConfiguration;
			buildSettings = {
				CODE_SIGN_STYLE = Automatic;
				DEVELOPMENT_TEAM = 3LTF5F2YL4;
				ENABLE_HARDENED_RUNTIME = YES;
				PRODUCT_NAME = "$(TARGET_NAME)";
				SWIFT_VERSION = 5.0;
			};
			name = Debug;
		};
		63829D6C2806698F00356BD5 /* Release */ = {
			isa = XCBuildConfiguration;
			buildSettings = {
				CODE_SIGN_STYLE = Automatic;
				DEVELOPMENT_TEAM = 3LTF5F2YL4;
				ENABLE_HARDENED_RUNTIME = YES;
				PRODUCT_NAME = "$(TARGET_NAME)";
				SWIFT_VERSION = 5.0;
			};
			name = Release;
		};
/* End XCBuildConfiguration section */

/* Begin XCConfigurationList section */
		63829D5E2806698F00356BD5 /* Build configuration list for PBXProject "DataStructurePractice" */ = {
			isa = XCConfigurationList;
			buildConfigurations = (
				63829D682806698F00356BD5 /* Debug */,
				63829D692806698F00356BD5 /* Release */,
			);
			defaultConfigurationIsVisible = 0;
			defaultConfigurationName = Release;
		};
		63829D6A2806698F00356BD5 /* Build configuration list for PBXNativeTarget "DataStructurePractice" */ = {
			isa = XCConfigurationList;
			buildConfigurations = (
				63829D6B2806698F00356BD5 /* Debug */,
				63829D6C2806698F00356BD5 /* Release */,
			);
			defaultConfigurationIsVisible = 0;
			defaultConfigurationName = Release;
		};
/* End XCConfigurationList section */
	};
	rootObject = 63829D5B2806698F00356BD5 /* Project object */;
}
